
Microsoft Visual Studio Solution File, Format Version 12.00
# Visual Studio Version 17
VisualStudioVersion = 17.14.36623.8 d17.14
MinimumVisualStudioVersion = 10.0.40219.1
Project("{FAE04EC0-301F-11D3-BF4B-00C04F79EFBC}") = "Entrenamiento", "Entrenamiento\Entrenamiento.csproj", "{620BA551-B74D-4DC4-A400-F187098CCE34}"
EndProject
Global
	GlobalSection(SolutionConfigurationPlatforms) = preSolution
		Debug|Any CPU = Debug|Any CPU
		Release|Any CPU = Release|Any CPU
	EndGlobalSection
	GlobalSection(ProjectConfigurationPlatforms) = postSolution
		{620BA551-B74D-4DC4-A400-F187098CCE34}.Debug|Any CPU.ActiveCfg = Debug|Any CPU
		{620BA551-B74D-4DC4-A400-F187098CCE34}.Debug|Any CPU.Build.0 = Debug|Any CPU
		{620BA551-B74D-4DC4-A400-F187098CCE34}.Release|Any CPU.ActiveCfg = Release|Any CPU
		{620BA551-B74D-4DC4-A400-F187098CCE34}.Release|Any CPU.Build.0 = Release|Any CPU
	EndGlobalSection
	GlobalSection(SolutionProperties) = preSolution
		HideSolutionNode = FALSE
	EndGlobalSection
	GlobalSection(ExtensibilityGlobals) = postSolution
		SolutionGuid = {A7CFC1D9-5850-4711-BBE1-EE74294DD3D6}
	EndGlobalSection
EndGlobal
