
Microsoft Visual Studio Solution File, Format Version 12.00
# Visual Studio Version 17
VisualStudioVersion = 17.14.36616.10 d17.14
MinimumVisualStudioVersion = 10.0.40219.1
Project("{FAE04EC0-301F-11D3-BF4B-00C04F79EFBC}") = "AreaYvolumenes", "AreaYvolumenes\AreaYvolumenes.csproj", "{F3B5B238-02C0-49DB-B6B4-0EC6A89AFD19}"
EndProject
Global
	GlobalSection(SolutionConfigurationPlatforms) = preSolution
		Debug|Any CPU = Debug|Any CPU
		Release|Any CPU = Release|Any CPU
	EndGlobalSection
	GlobalSection(ProjectConfigurationPlatforms) = postSolution
		{F3B5B238-02C0-49DB-B6B4-0EC6A89AFD19}.Debug|Any CPU.ActiveCfg = Debug|Any CPU
		{F3B5B238-02C0-49DB-B6B4-0EC6A89AFD19}.Debug|Any CPU.Build.0 = Debug|Any CPU
		{F3B5B238-02C0-49DB-B6B4-0EC6A89AFD19}.Release|Any CPU.ActiveCfg = Release|Any CPU
		{F3B5B238-02C0-49DB-B6B4-0EC6A89AFD19}.Release|Any CPU.Build.0 = Release|Any CPU
	EndGlobalSection
	GlobalSection(SolutionProperties) = preSolution
		HideSolutionNode = FALSE
	EndGlobalSection
	GlobalSection(ExtensibilityGlobals) = postSolution
		SolutionGuid = {2F0DFF68-6574-4461-B611-9E6EEAC56BF9}
	EndGlobalSection
EndGlobal
